
Microsoft Visual Studio Solution File, Format Version 12.00
# Visual Studio Version 16
VisualStudioVersion = 16.0.30503.244
MinimumVisualStudioVersion = 10.0.40219.1
Project("{FAE04EC0-301F-11D3-BF4B-00C04F79EFBC}") = "Mikroszimulacio", "Mikroszimulacio\Mikroszimulacio.csproj", "{18234195-F2D8-4F65-8B12-CD47324FF545}"
EndProject
Global
	GlobalSection(SolutionConfigurationPlatforms) = preSolution
		Debug|Any CPU = Debug|Any CPU
		Release|Any CPU = Release|Any CPU
	EndGlobalSection
	GlobalSection(ProjectConfigurationPlatforms) = postSolution
		{18234195-F2D8-4F65-8B12-CD47324FF545}.Debug|Any CPU.ActiveCfg = Debug|Any CPU
		{18234195-F2D8-4F65-8B12-CD47324FF545}.Debug|Any CPU.Build.0 = Debug|Any CPU
		{18234195-F2D8-4F65-8B12-CD47324FF545}.Release|Any CPU.ActiveCfg = Release|Any CPU
		{18234195-F2D8-4F65-8B12-CD47324FF545}.Release|Any CPU.Build.0 = Release|Any CPU
	EndGlobalSection
	GlobalSection(SolutionProperties) = preSolution
		HideSolutionNode = FALSE
	EndGlobalSection
	GlobalSection(ExtensibilityGlobals) = postSolution
		SolutionGuid = {52646FD6-049A-48DC-9098-7A4915760E22}
	EndGlobalSection
EndGlobal
