
Microsoft Visual Studio Solution File, Format Version 12.00
# Visual Studio Version 16
VisualStudioVersion = 16.0.30503.244
MinimumVisualStudioVersion = 10.0.40219.1
Project("{FAE04EC0-301F-11D3-BF4B-00C04F79EFBC}") = "MNBXml", "MNBXml\MNBXml.csproj", "{13F4A5FE-9C50-46FC-BFB8-249CCDBD24C8}"
EndProject
Global
	GlobalSection(SolutionConfigurationPlatforms) = preSolution
		Debug|Any CPU = Debug|Any CPU
		Release|Any CPU = Release|Any CPU
	EndGlobalSection
	GlobalSection(ProjectConfigurationPlatforms) = postSolution
		{13F4A5FE-9C50-46FC-BFB8-249CCDBD24C8}.Debug|Any CPU.ActiveCfg = Debug|Any CPU
		{13F4A5FE-9C50-46FC-BFB8-249CCDBD24C8}.Debug|Any CPU.Build.0 = Debug|Any CPU
		{13F4A5FE-9C50-46FC-BFB8-249CCDBD24C8}.Release|Any CPU.ActiveCfg = Release|Any CPU
		{13F4A5FE-9C50-46FC-BFB8-249CCDBD24C8}.Release|Any CPU.Build.0 = Release|Any CPU
	EndGlobalSection
	GlobalSection(SolutionProperties) = preSolution
		HideSolutionNode = FALSE
	EndGlobalSection
	GlobalSection(ExtensibilityGlobals) = postSolution
		SolutionGuid = {EDD4FB2E-34E2-4ACD-B5D8-F2175EAF71C4}
	EndGlobalSection
EndGlobal
