
Microsoft Visual Studio Solution File, Format Version 12.00
# Visual Studio Version 16
VisualStudioVersion = 16.0.30503.244
MinimumVisualStudioVersion = 10.0.40219.1
Project("{FAE04EC0-301F-11D3-BF4B-00C04F79EFBC}") = "Olimpic", "Olimpic\Olimpic.csproj", "{60DD47F4-783A-47FB-87C2-8947C40A519E}"
EndProject
Global
	GlobalSection(SolutionConfigurationPlatforms) = preSolution
		Debug|Any CPU = Debug|Any CPU
		Release|Any CPU = Release|Any CPU
	EndGlobalSection
	GlobalSection(ProjectConfigurationPlatforms) = postSolution
		{60DD47F4-783A-47FB-87C2-8947C40A519E}.Debug|Any CPU.ActiveCfg = Debug|Any CPU
		{60DD47F4-783A-47FB-87C2-8947C40A519E}.Debug|Any CPU.Build.0 = Debug|Any CPU
		{60DD47F4-783A-47FB-87C2-8947C40A519E}.Release|Any CPU.ActiveCfg = Release|Any CPU
		{60DD47F4-783A-47FB-87C2-8947C40A519E}.Release|Any CPU.Build.0 = Release|Any CPU
	EndGlobalSection
	GlobalSection(SolutionProperties) = preSolution
		HideSolutionNode = FALSE
	EndGlobalSection
	GlobalSection(ExtensibilityGlobals) = postSolution
		SolutionGuid = {557F4DC6-1FD9-48B1-80CB-C9000871CA61}
	EndGlobalSection
EndGlobal
